
Microsoft Visual Studio Solution File, Format Version 12.00
# Visual Studio Version 17
VisualStudioVersion = 17.13.35818.85 d17.13
MinimumVisualStudioVersion = 10.0.40219.1
Project("{FAE04EC0-301F-11D3-BF4B-00C04F79EFBC}") = "SoundColorWPF", "SoundColorWPF\SoundColorWPF.csproj", "{86CB3B30-78D6-4747-B6DD-5F90FC625C59}"
EndProject
Global
	GlobalSection(SolutionConfigurationPlatforms) = preSolution
		Debug|Any CPU = Debug|Any CPU
		Release|Any CPU = Release|Any CPU
	EndGlobalSection
	GlobalSection(ProjectConfigurationPlatforms) = postSolution
		{86CB3B30-78D6-4747-B6DD-5F90FC625C59}.Debug|Any CPU.ActiveCfg = Debug|Any CPU
		{86CB3B30-78D6-4747-B6DD-5F90FC625C59}.Debug|Any CPU.Build.0 = Debug|Any CPU
		{86CB3B30-78D6-4747-B6DD-5F90FC625C59}.Release|Any CPU.ActiveCfg = Release|Any CPU
		{86CB3B30-78D6-4747-B6DD-5F90FC625C59}.Release|Any CPU.Build.0 = Release|Any CPU
	EndGlobalSection
	GlobalSection(SolutionProperties) = preSolution
		HideSolutionNode = FALSE
	EndGlobalSection
	GlobalSection(ExtensibilityGlobals) = postSolution
		SolutionGuid = {00813A5C-A4DF-4CB6-9CFC-60294E4EECC5}
	EndGlobalSection
EndGlobal
